<?xml version="1.0" encoding="UTF-8" standalone="yes" ?>
<CodeBlocks_project_file>
	<FileVersion major="1" minor="6" />
	<Project>
		<Option title="CryptDyn" />
		<Option pch_mode="2" />
		<Option compiler="gcc" />
		<Build>
			<Target title="Debug">
				<Option output="bin/Debug/CryptDyn" prefix_auto="1" extension_auto="1" />
				<Option object_output="obj/Debug/" />
				<Option type="1" />
				<Option compiler="gcc" />
				<Compiler>
					<Add option="-g" />
				</Compiler>
			</Target>
			<Target title="Release">
				<Option output="bin/Release/CryptDyn" prefix_auto="1" extension_auto="1" />
				<Option object_output="obj/Release/" />
				<Option type="1" />
				<Option compiler="gcc" />
				<Compiler>
					<Add option="-O2" />
				</Compiler>
				<Linker>
					<Add option="-s" />
				</Linker>
			</Target>
		</Build>
		<Compiler>
			<Add option="-Wall" />
		</Compiler>
		<Unit filename="ft_crypt.c">
			<Option compilerVar="CC" />
		</Unit>
		<Unit filename="ft_crypt_dyn.h" />
		<Unit filename="ft_crypt_head.c">
			<Option compilerVar="CC" />
		</Unit>
		<Unit filename="ft_decrypt.c">
			<Option compilerVar="CC" />
		</Unit>
		<Unit filename="ft_decrypt_head.c">
			<Option compilerVar="CC" />
		</Unit>
		<Unit filename="ft_files.c">
			<Option compilerVar="CC" />
		</Unit>
		<Unit filename="ft_pswd.c">
			<Option compilerVar="CC" />
		</Unit>
		<Unit filename="ft_put.c">
			<Option compilerVar="CC" />
		</Unit>
		<Unit filename="ft_small.c">
			<Option compilerVar="CC" />
		</Unit>
		<Unit filename="main.c">
			<Option compilerVar="CC" />
		</Unit>
		<Extensions>
			<code_completion />
			<envvars />
			<debugger />
		</Extensions>
	</Project>
</CodeBlocks_project_file>
